PODS:
  - Alamofire (5.4.4)
  - Common (1.0)
  - Kingfisher (7.0.0)
  - Model (1.0):
    - Common
  - netfox (1.19.0)
  - Networking (1.0):
    - Alamofire
    - Common
    - Model
  - SwiftLint (0.44.0)

DEPENDENCIES:
  - Common (from `./Modules/Common`)
  - Kingfisher (~> 7.0)
  - Model (from `./Modules/Model`)
  - netfox
  - Networking (from `./Modules/Networking`)
  - SwiftLint

SPEC REPOS:
  trunk:
    - Alamofire
    - Kingfisher
    - netfox
    - SwiftLint

EXTERNAL SOURCES:
  Common:
    :path: "./Modules/Common"
  Model:
    :path: "./Modules/Model"
  Networking:
    :path: "./Modules/Networking"

SPEC CHECKSUMS:
  Alamofire: f3b09a368f1582ab751b3fff5460276e0d2cf5c9
  Common: 11545c1011af0d67b08465a99102a076af7ef3f8
  Kingfisher: 5efc54fec3980f92354898532e562cc17f31efb4
  Model: acaaa1cd5ea778c12e50a864169c2565048758b0
  netfox: efeec1d23406df6cd605212f09a40957bb5654eb
  Networking: 7ffe8f0721b2aaaeaedd899ba4b62d8334830c69
  SwiftLint: e96c0a8c770c7ebbc4d36c55baf9096bb65c4584

PODFILE CHECKSUM: 9e083104f8972a9e5b4eea1d6d1523817196e192

COCOAPODS: 1.11.2
